
Microsoft Visual Studio Solution File, Format Version 12.00
# Visual Studio Version 17
VisualStudioVersion = 17.11.35222.181
MinimumVisualStudioVersion = 10.0.40219.1
Project("{FAE04EC0-301F-11D3-BF4B-00C04F79EFBC}") = "TeamLeads", "TeamLead\TeamLeads.csproj", "{B14ACBC6-0199-4672-B51D-0A28057BF175}"
EndProject
Global
	GlobalSection(SolutionConfigurationPlatforms) = preSolution
		Debug|Any CPU = Debug|Any CPU
		Release|Any CPU = Release|Any CPU
	EndGlobalSection
	GlobalSection(ProjectConfigurationPlatforms) = postSolution
		{B14ACBC6-0199-4672-B51D-0A28057BF175}.Debug|Any CPU.ActiveCfg = Debug|Any CPU
		{B14ACBC6-0199-4672-B51D-0A28057BF175}.Debug|Any CPU.Build.0 = Debug|Any CPU
		{B14ACBC6-0199-4672-B51D-0A28057BF175}.Release|Any CPU.ActiveCfg = Release|Any CPU
		{B14ACBC6-0199-4672-B51D-0A28057BF175}.Release|Any CPU.Build.0 = Release|Any CPU
	EndGlobalSection
	GlobalSection(SolutionProperties) = preSolution
		HideSolutionNode = FALSE
	EndGlobalSection
	GlobalSection(ExtensibilityGlobals) = postSolution
		SolutionGuid = {593ABD6F-C1A7-43CD-A6D6-0ACB036F8799}
	EndGlobalSection
EndGlobal
